
Microsoft Visual Studio Solution File, Format Version 12.00
Project("{2150E333-8FDC-42A3-9474-1A3956D46DE8}") = "Application", "Application", "{B709A21A-9021-46C0-90B6-4AF1EA3A40FF}"
EndProject
Project("{2150E333-8FDC-42A3-9474-1A3956D46DE8}") = "Domain", "Domain", "{E6EFB0FA-4EF9-4476-9BEB-D486DF362F25}"
EndProject
Project("{2150E333-8FDC-42A3-9474-1A3956D46DE8}") = "Service", "Service", "{DF7D6BAE-EE8F-4B67-8911-BBDB119064DA}"
EndProject
Project("{2150E333-8FDC-42A3-9474-1A3956D46DE8}") = "Infra", "Infra", "{F4C2D0AD-1B70-4D85-9BD2-B4676C9B331E}"
EndProject
Project("{2150E333-8FDC-42A3-9474-1A3956D46DE8}") = "Data", "Data", "{D7B946C7-1BD4-410C-AF96-C7136AC25B80}"
EndProject
Project("{2150E333-8FDC-42A3-9474-1A3956D46DE8}") = "CrossCutting", "CrossCutting", "{70B928D5-154B-4855-BAE8-E85F0387907D}"
EndProject
Project("{FAE04EC0-301F-11D3-BF4B-00C04F79EFBC}") = "Gerenciador.Application", "Gerenciador.Application\Gerenciador.Application.csproj", "{93281DCD-2F91-404B-AB70-D1CF144DC674}"
EndProject
Project("{FAE04EC0-301F-11D3-BF4B-00C04F79EFBC}") = "Gerenciador.Domain", "Gerenciador.Domain\Gerenciador.Domain.csproj", "{AA9AC3D3-E584-46CF-970C-F1F2CBAB2DBC}"
EndProject
Project("{FAE04EC0-301F-11D3-BF4B-00C04F79EFBC}") = "Gerenciador.Service", "Gerenciador.Service\Gerenciador.Service.csproj", "{65ABD61F-EE36-488A-BC71-00199077AE28}"
EndProject
Project("{FAE04EC0-301F-11D3-BF4B-00C04F79EFBC}") = "Gerenciador.Infra.Data", "Gerenciador.Infra.Data\Gerenciador.Infra.Data.csproj", "{705CDDF1-3D76-4572-BC31-AD386328FA98}"
EndProject
Project("{FAE04EC0-301F-11D3-BF4B-00C04F79EFBC}") = "Gerenciador.Infra.CrossCutting", "Gerenciador.Infra.CrossCutting\Gerenciador.Infra.CrossCutting.csproj", "{B9AD9DA0-B7F1-4AEC-803A-5DC95ADB835D}"
EndProject
Global
	GlobalSection(SolutionConfigurationPlatforms) = preSolution
		Debug|Any CPU = Debug|Any CPU
		Release|Any CPU = Release|Any CPU
	EndGlobalSection
	GlobalSection(NestedProjects) = preSolution
		{93281DCD-2F91-404B-AB70-D1CF144DC674} = {B709A21A-9021-46C0-90B6-4AF1EA3A40FF}
		{AA9AC3D3-E584-46CF-970C-F1F2CBAB2DBC} = {E6EFB0FA-4EF9-4476-9BEB-D486DF362F25}
		{D7B946C7-1BD4-410C-AF96-C7136AC25B80} = {F4C2D0AD-1B70-4D85-9BD2-B4676C9B331E}
		{70B928D5-154B-4855-BAE8-E85F0387907D} = {F4C2D0AD-1B70-4D85-9BD2-B4676C9B331E}
		{65ABD61F-EE36-488A-BC71-00199077AE28} = {DF7D6BAE-EE8F-4B67-8911-BBDB119064DA}
		{705CDDF1-3D76-4572-BC31-AD386328FA98} = {D7B946C7-1BD4-410C-AF96-C7136AC25B80}
		{B9AD9DA0-B7F1-4AEC-803A-5DC95ADB835D} = {70B928D5-154B-4855-BAE8-E85F0387907D}
	EndGlobalSection
	GlobalSection(ProjectConfigurationPlatforms) = postSolution
		{93281DCD-2F91-404B-AB70-D1CF144DC674}.Debug|Any CPU.ActiveCfg = Debug|Any CPU
		{93281DCD-2F91-404B-AB70-D1CF144DC674}.Debug|Any CPU.Build.0 = Debug|Any CPU
		{93281DCD-2F91-404B-AB70-D1CF144DC674}.Release|Any CPU.ActiveCfg = Release|Any CPU
		{93281DCD-2F91-404B-AB70-D1CF144DC674}.Release|Any CPU.Build.0 = Release|Any CPU
		{AA9AC3D3-E584-46CF-970C-F1F2CBAB2DBC}.Debug|Any CPU.ActiveCfg = Debug|Any CPU
		{AA9AC3D3-E584-46CF-970C-F1F2CBAB2DBC}.Debug|Any CPU.Build.0 = Debug|Any CPU
		{AA9AC3D3-E584-46CF-970C-F1F2CBAB2DBC}.Release|Any CPU.ActiveCfg = Release|Any CPU
		{AA9AC3D3-E584-46CF-970C-F1F2CBAB2DBC}.Release|Any CPU.Build.0 = Release|Any CPU
		{65ABD61F-EE36-488A-BC71-00199077AE28}.Debug|Any CPU.ActiveCfg = Debug|Any CPU
		{65ABD61F-EE36-488A-BC71-00199077AE28}.Debug|Any CPU.Build.0 = Debug|Any CPU
		{65ABD61F-EE36-488A-BC71-00199077AE28}.Release|Any CPU.ActiveCfg = Release|Any CPU
		{65ABD61F-EE36-488A-BC71-00199077AE28}.Release|Any CPU.Build.0 = Release|Any CPU
		{705CDDF1-3D76-4572-BC31-AD386328FA98}.Debug|Any CPU.ActiveCfg = Debug|Any CPU
		{705CDDF1-3D76-4572-BC31-AD386328FA98}.Debug|Any CPU.Build.0 = Debug|Any CPU
		{705CDDF1-3D76-4572-BC31-AD386328FA98}.Release|Any CPU.ActiveCfg = Release|Any CPU
		{705CDDF1-3D76-4572-BC31-AD386328FA98}.Release|Any CPU.Build.0 = Release|Any CPU
		{B9AD9DA0-B7F1-4AEC-803A-5DC95ADB835D}.Debug|Any CPU.ActiveCfg = Debug|Any CPU
		{B9AD9DA0-B7F1-4AEC-803A-5DC95ADB835D}.Debug|Any CPU.Build.0 = Debug|Any CPU
		{B9AD9DA0-B7F1-4AEC-803A-5DC95ADB835D}.Release|Any CPU.ActiveCfg = Release|Any CPU
		{B9AD9DA0-B7F1-4AEC-803A-5DC95ADB835D}.Release|Any CPU.Build.0 = Release|Any CPU
	EndGlobalSection
EndGlobal
