
Microsoft Visual Studio Solution File, Format Version 12.00
Project("{2150E333-8FDC-42A3-9474-1A3956D46DE8}") = "Application", "Application", "{B709A21A-9021-46C0-90B6-4AF1EA3A40FF}"
EndProject
Project("{2150E333-8FDC-42A3-9474-1A3956D46DE8}") = "Domain", "Domain", "{E6EFB0FA-4EF9-4476-9BEB-D486DF362F25}"
EndProject
Project("{FAE04EC0-301F-11D3-BF4B-00C04F79EFBC}") = "Gerenciador.Application", "Gerenciador.Application\Gerenciador.Application.csproj", "{93281DCD-2F91-404B-AB70-D1CF144DC674}"
EndProject
Project("{FAE04EC0-301F-11D3-BF4B-00C04F79EFBC}") = "Gerenciador.Domain", "Gerenciador.Domain\Gerenciador.Domain.csproj", "{AA9AC3D3-E584-46CF-970C-F1F2CBAB2DBC}"
EndProject
Project("{2150E333-8FDC-42A3-9474-1A3956D46DE8}") = "Service", "Service", "{2076B0CA-A8CB-4F51-80B7-9336CE0502C2}"
EndProject
Project("{2150E333-8FDC-42A3-9474-1A3956D46DE8}") = "Infra", "Infra", "{0130C6D4-98C7-4FAF-8BCA-840A7FCB1B3A}"
EndProject
Project("{2150E333-8FDC-42A3-9474-1A3956D46DE8}") = "Data", "Data", "{D070F7D5-B518-4C79-B1D4-6E7E64C4DDAF}"
EndProject
Project("{FAE04EC0-301F-11D3-BF4B-00C04F79EFBC}") = "Gerenciador.Infra.Data", "Gerenciador.Infra.Data\Gerenciador.Infra.Data.csproj", "{93346B92-0208-45EA-AD00-C1FDF118A9BF}"
EndProject
Project("{FAE04EC0-301F-11D3-BF4B-00C04F79EFBC}") = "Gerenciador.Service", "Gerenciador.Service\Gerenciador.Service.csproj", "{F8C69EB9-37CF-4B90-8EDB-A6489C8C420D}"
EndProject
Global
	GlobalSection(SolutionConfigurationPlatforms) = preSolution
		Debug|Any CPU = Debug|Any CPU
		Release|Any CPU = Release|Any CPU
	EndGlobalSection
	GlobalSection(NestedProjects) = preSolution
		{93281DCD-2F91-404B-AB70-D1CF144DC674} = {B709A21A-9021-46C0-90B6-4AF1EA3A40FF}
		{AA9AC3D3-E584-46CF-970C-F1F2CBAB2DBC} = {E6EFB0FA-4EF9-4476-9BEB-D486DF362F25}
		{D070F7D5-B518-4C79-B1D4-6E7E64C4DDAF} = {0130C6D4-98C7-4FAF-8BCA-840A7FCB1B3A}
		{93346B92-0208-45EA-AD00-C1FDF118A9BF} = {D070F7D5-B518-4C79-B1D4-6E7E64C4DDAF}
		{F8C69EB9-37CF-4B90-8EDB-A6489C8C420D} = {2076B0CA-A8CB-4F51-80B7-9336CE0502C2}
	EndGlobalSection
	GlobalSection(ProjectConfigurationPlatforms) = postSolution
		{93281DCD-2F91-404B-AB70-D1CF144DC674}.Debug|Any CPU.ActiveCfg = Debug|Any CPU
		{93281DCD-2F91-404B-AB70-D1CF144DC674}.Debug|Any CPU.Build.0 = Debug|Any CPU
		{93281DCD-2F91-404B-AB70-D1CF144DC674}.Release|Any CPU.ActiveCfg = Release|Any CPU
		{93281DCD-2F91-404B-AB70-D1CF144DC674}.Release|Any CPU.Build.0 = Release|Any CPU
		{AA9AC3D3-E584-46CF-970C-F1F2CBAB2DBC}.Debug|Any CPU.ActiveCfg = Debug|Any CPU
		{AA9AC3D3-E584-46CF-970C-F1F2CBAB2DBC}.Debug|Any CPU.Build.0 = Debug|Any CPU
		{AA9AC3D3-E584-46CF-970C-F1F2CBAB2DBC}.Release|Any CPU.ActiveCfg = Release|Any CPU
		{AA9AC3D3-E584-46CF-970C-F1F2CBAB2DBC}.Release|Any CPU.Build.0 = Release|Any CPU
		{93346B92-0208-45EA-AD00-C1FDF118A9BF}.Debug|Any CPU.ActiveCfg = Debug|Any CPU
		{93346B92-0208-45EA-AD00-C1FDF118A9BF}.Debug|Any CPU.Build.0 = Debug|Any CPU
		{93346B92-0208-45EA-AD00-C1FDF118A9BF}.Release|Any CPU.ActiveCfg = Release|Any CPU
		{93346B92-0208-45EA-AD00-C1FDF118A9BF}.Release|Any CPU.Build.0 = Release|Any CPU
		{F8C69EB9-37CF-4B90-8EDB-A6489C8C420D}.Debug|Any CPU.ActiveCfg = Debug|Any CPU
		{F8C69EB9-37CF-4B90-8EDB-A6489C8C420D}.Debug|Any CPU.Build.0 = Debug|Any CPU
		{F8C69EB9-37CF-4B90-8EDB-A6489C8C420D}.Release|Any CPU.ActiveCfg = Release|Any CPU
		{F8C69EB9-37CF-4B90-8EDB-A6489C8C420D}.Release|Any CPU.Build.0 = Release|Any CPU
	EndGlobalSection
EndGlobal
